
Microsoft Visual Studio Solution File, Format Version 12.00
# Visual Studio Version 16
VisualStudioVersion = 16.0.29920.165
MinimumVisualStudioVersion = 10.0.40219.1
Project("{FAE04EC0-301F-11D3-BF4B-00C04F79EFBC}") = "HelloWorld", "HelloWorld\HelloWorld.csproj", "{BC29A2A3-CD2F-48A8-AD4C-56C2DBDE28A2}"
EndProject
Global
	GlobalSection(SolutionConfigurationPlatforms) = preSolution
		Debug|Any CPU = Debug|Any CPU
		Release|Any CPU = Release|Any CPU
	EndGlobalSection
	GlobalSection(ProjectConfigurationPlatforms) = postSolution
		{BC29A2A3-CD2F-48A8-AD4C-56C2DBDE28A2}.Debug|Any CPU.ActiveCfg = Debug|Any CPU
		{BC29A2A3-CD2F-48A8-AD4C-56C2DBDE28A2}.Debug|Any CPU.Build.0 = Debug|Any CPU
		{BC29A2A3-CD2F-48A8-AD4C-56C2DBDE28A2}.Release|Any CPU.ActiveCfg = Release|Any CPU
		{BC29A2A3-CD2F-48A8-AD4C-56C2DBDE28A2}.Release|Any CPU.Build.0 = Release|Any CPU
	EndGlobalSection
	GlobalSection(SolutionProperties) = preSolution
		HideSolutionNode = FALSE
	EndGlobalSection
	GlobalSection(ExtensibilityGlobals) = postSolution
		SolutionGuid = {F7E44778-15B5-467F-9C9C-0B7DA6AB6CE3}
	EndGlobalSection
EndGlobal
