
Microsoft Visual Studio Solution File, Format Version 12.00
# Visual Studio Version 16
VisualStudioVersion = 16.0.29926.136
MinimumVisualStudioVersion = 10.0.40219.1
Project("{FAE04EC0-301F-11D3-BF4B-00C04F79EFBC}") = "GeometryTool", "GeometryTool\GeometryTool.csproj", "{3F39C09E-5115-44CE-9CFA-466091C3692E}"
EndProject
Global
	GlobalSection(SolutionConfigurationPlatforms) = preSolution
		Debug|Any CPU = Debug|Any CPU
		Release|Any CPU = Release|Any CPU
	EndGlobalSection
	GlobalSection(ProjectConfigurationPlatforms) = postSolution
		{3F39C09E-5115-44CE-9CFA-466091C3692E}.Debug|Any CPU.ActiveCfg = Debug|Any CPU
		{3F39C09E-5115-44CE-9CFA-466091C3692E}.Debug|Any CPU.Build.0 = Debug|Any CPU
		{3F39C09E-5115-44CE-9CFA-466091C3692E}.Release|Any CPU.ActiveCfg = Release|Any CPU
		{3F39C09E-5115-44CE-9CFA-466091C3692E}.Release|Any CPU.Build.0 = Release|Any CPU
	EndGlobalSection
	GlobalSection(SolutionProperties) = preSolution
		HideSolutionNode = FALSE
	EndGlobalSection
	GlobalSection(ExtensibilityGlobals) = postSolution
		SolutionGuid = {21737020-74C5-4E72-9954-E24E79DC252A}
	EndGlobalSection
EndGlobal
